
Microsoft Visual Studio Solution File, Format Version 12.00
# Visual Studio Version 17
VisualStudioVersion = 17.5.002.0
MinimumVisualStudioVersion = 10.0.40219.1
Project("{9A19103F-16F7-4668-BE54-9A1E7A4F7556}") = "C-Sharp", "C-Sharp.csproj", "{A20075BA-27CB-40B6-BF01-1C1EF07E43BD}"
EndProject
Global
	GlobalSection(SolutionConfigurationPlatforms) = preSolution
		Debug|Any CPU = Debug|Any CPU
		Release|Any CPU = Release|Any CPU
	EndGlobalSection
	GlobalSection(ProjectConfigurationPlatforms) = postSolution
		{A20075BA-27CB-40B6-BF01-1C1EF07E43BD}.Debug|Any CPU.ActiveCfg = Debug|Any CPU
		{A20075BA-27CB-40B6-BF01-1C1EF07E43BD}.Debug|Any CPU.Build.0 = Debug|Any CPU
		{A20075BA-27CB-40B6-BF01-1C1EF07E43BD}.Release|Any CPU.ActiveCfg = Release|Any CPU
		{A20075BA-27CB-40B6-BF01-1C1EF07E43BD}.Release|Any CPU.Build.0 = Release|Any CPU
	EndGlobalSection
	GlobalSection(SolutionProperties) = preSolution
		HideSolutionNode = FALSE
	EndGlobalSection
	GlobalSection(ExtensibilityGlobals) = postSolution
		SolutionGuid = {02809F59-47B7-43F4-8A2E-056165E5F429}
	EndGlobalSection
EndGlobal
